
Microsoft Visual Studio Solution File, Format Version 12.00
# Visual Studio Version 17
VisualStudioVersion = 17.0.31903.59
MinimumVisualStudioVersion = 10.0.40219.1
Project("{FAE04EC0-301F-11D3-BF4B-00C04F79EFBC}") = "QrGenerator.Api", "QrGenerator.Api\QrGenerator.Api.csproj", "{7CD5E321-52A4-4B3A-BE54-11D3E7ECC3DD}"
EndProject
Global
	GlobalSection(SolutionConfigurationPlatforms) = preSolution
		Debug|Any CPU = Debug|Any CPU
		Release|Any CPU = Release|Any CPU
	EndGlobalSection
	GlobalSection(SolutionProperties) = preSolution
		HideSolutionNode = FALSE
	EndGlobalSection
	GlobalSection(ProjectConfigurationPlatforms) = postSolution
		{7CD5E321-52A4-4B3A-BE54-11D3E7ECC3DD}.Debug|Any CPU.ActiveCfg = Debug|Any CPU
		{7CD5E321-52A4-4B3A-BE54-11D3E7ECC3DD}.Debug|Any CPU.Build.0 = Debug|Any CPU
		{7CD5E321-52A4-4B3A-BE54-11D3E7ECC3DD}.Release|Any CPU.ActiveCfg = Release|Any CPU
		{7CD5E321-52A4-4B3A-BE54-11D3E7ECC3DD}.Release|Any CPU.Build.0 = Release|Any CPU
	EndGlobalSection
EndGlobal
